// !$*UTF8*$!
{
	archiveVersion = 1;
	classes = {
	};
	objectVersion = 46;
	objects = {

/* Begin PBXBuildFile section */
		33CA4AC51A6B29BC00BAD6FD /* XCTest.framework in Frameworks */ = {isa = PBXBuildFile; fileRef = 7DF9FB701A6808E0008F37EB /* XCTest.framework */; };
		33CA4AC61A6B29BC00BAD6FD /* CoreGraphics.framework in Frameworks */ = {isa = PBXBuildFile; fileRef = 7DF9FB721A6808E0008F37EB /* CoreGraphics.framework */; };
		33CA4AC71A6B29BC00BAD6FD /* UIKit.framework in Frameworks */ = {isa = PBXBuildFile; fileRef = 7DF9FB741A6808E0008F37EB /* UIKit.framework */; };
		33CA4AC81A6B29BC00BAD6FD /* Foundation.framework in Frameworks */ = {isa = PBXBuildFile; fileRef = 7DF9FB761A6808E0008F37EB /* Foundation.framework */; };
		33CA4ACD1A6B29BC00BAD6FD /* Bootcamp Tests-Info.plist in Resources */ = {isa = PBXBuildFile; fileRef = 33CA4ACC1A6B29BC00BAD6FD /* Bootcamp Tests-Info.plist */; };
		33CA4ACF1A6B29BC00BAD6FD /* ExampleSpec.mm in Sources */ = {isa = PBXBuildFile; fileRef = 33CA4ACE1A6B29BC00BAD6FD /* ExampleSpec.mm */; };
		33CA4AD21A6B29BD00BAD6FD /* Cedar-iOS.framework in Frameworks */ = {isa = PBXBuildFile; fileRef = 33CA4AD11A6B29BD00BAD6FD /* Cedar-iOS.framework */; };
		7D02AEBF1A66BB9200BC843F /* main.m in Sources */ = {isa = PBXBuildFile; fileRef = 7D02AEBE1A66BB9200BC843F /* main.m */; };
		7D02AEC21A66BB9200BC843F /* AppDelegate.m in Sources */ = {isa = PBXBuildFile; fileRef = 7D02AEC11A66BB9200BC843F /* AppDelegate.m */; };
		7D02AEC51A66BB9200BC843F /* Bootcamp.xcdatamodeld in Sources */ = {isa = PBXBuildFile; fileRef = 7D02AEC31A66BB9200BC843F /* Bootcamp.xcdatamodeld */; };
		7D02AEC81A66BB9200BC843F /* ViewController.m in Sources */ = {isa = PBXBuildFile; fileRef = 7D02AEC71A66BB9200BC843F /* ViewController.m */; };
		7D02AECB1A66BB9200BC843F /* Main.storyboard in Resources */ = {isa = PBXBuildFile; fileRef = 7D02AEC91A66BB9200BC843F /* Main.storyboard */; };
		7D02AECD1A66BB9200BC843F /* Images.xcassets in Resources */ = {isa = PBXBuildFile; fileRef = 7D02AECC1A66BB9200BC843F /* Images.xcassets */; };
		7D02AED01A66BB9200BC843F /* LaunchScreen.xib in Resources */ = {isa = PBXBuildFile; fileRef = 7D02AECE1A66BB9200BC843F /* LaunchScreen.xib */; };
		7D02AEEB1A66BBA100BC843F /* APIController.m in Sources */ = {isa = PBXBuildFile; fileRef = 7D02AEE61A66BBA100BC843F /* APIController.m */; };
		7D02AEEC1A66BBA100BC843F /* Movie.m in Sources */ = {isa = PBXBuildFile; fileRef = 7D02AEE81A66BBA100BC843F /* Movie.m */; };
		7D02AEED1A66BBA100BC843F /* SessionVars.m in Sources */ = {isa = PBXBuildFile; fileRef = 7D02AEEA1A66BBA100BC843F /* SessionVars.m */; };
		7D02AF021A66C0F800BC843F /* AFHTTPRequestOperation.m in Sources */ = {isa = PBXBuildFile; fileRef = 7D02AEF01A66C0F800BC843F /* AFHTTPRequestOperation.m */; };
		7D02AF031A66C0F800BC843F /* AFHTTPRequestOperationManager.m in Sources */ = {isa = PBXBuildFile; fileRef = 7D02AEF21A66C0F800BC843F /* AFHTTPRequestOperationManager.m */; };
		7D02AF041A66C0F800BC843F /* AFHTTPSessionManager.m in Sources */ = {isa = PBXBuildFile; fileRef = 7D02AEF41A66C0F800BC843F /* AFHTTPSessionManager.m */; };
		7D02AF051A66C0F800BC843F /* AFNetworkReachabilityManager.m in Sources */ = {isa = PBXBuildFile; fileRef = 7D02AEF71A66C0F800BC843F /* AFNetworkReachabilityManager.m */; };
		7D02AF061A66C0F800BC843F /* AFSecurityPolicy.m in Sources */ = {isa = PBXBuildFile; fileRef = 7D02AEF91A66C0F800BC843F /* AFSecurityPolicy.m */; };
		7D02AF071A66C0F800BC843F /* AFURLConnectionOperation.m in Sources */ = {isa = PBXBuildFile; fileRef = 7D02AEFB1A66C0F800BC843F /* AFURLConnectionOperation.m */; };
		7D02AF081A66C0F800BC843F /* AFURLRequestSerialization.m in Sources */ = {isa = PBXBuildFile; fileRef = 7D02AEFD1A66C0F800BC843F /* AFURLRequestSerialization.m */; };
		7D02AF091A66C0F800BC843F /* AFURLResponseSerialization.m in Sources */ = {isa = PBXBuildFile; fileRef = 7D02AEFF1A66C0F800BC843F /* AFURLResponseSerialization.m */; };
		7D02AF0A1A66C0F800BC843F /* AFURLSessionManager.m in Sources */ = {isa = PBXBuildFile; fileRef = 7D02AF011A66C0F800BC843F /* AFURLSessionManager.m */; };
		7D02AF0F1A66C58500BC843F /* StyledNavigationController.m in Sources */ = {isa = PBXBuildFile; fileRef = 7D02AF0E1A66C58500BC843F /* StyledNavigationController.m */; };
		7D02AF111A66CAC000BC843F /* Cell.xib in Resources */ = {isa = PBXBuildFile; fileRef = 7D02AF101A66CAC000BC843F /* Cell.xib */; };
		7D02AF151A66CC7D00BC843F /* CustomCell.m in Sources */ = {isa = PBXBuildFile; fileRef = 7D02AF141A66CC7D00BC843F /* CustomCell.m */; };
		7D0CB5571A66FEB900D9D3E6 /* MovieDetailsController.m in Sources */ = {isa = PBXBuildFile; fileRef = 7D0CB5561A66FEB900D9D3E6 /* MovieDetailsController.m */; };
		7D1C2EEC1A685B05005E5A6D /* burger_icon.png in Resources */ = {isa = PBXBuildFile; fileRef = 7D1C2EEB1A685B05005E5A6D /* burger_icon.png */; };
		7D8B8C751A6954DA00CF298D /* box_office.png in Resources */ = {isa = PBXBuildFile; fileRef = 7D8B8C721A6954DA00CF298D /* box_office.png */; };
		7D8B8C761A6954DA00CF298D /* coming_up.png in Resources */ = {isa = PBXBuildFile; fileRef = 7D8B8C731A6954DA00CF298D /* coming_up.png */; };
		7D8B8C771A6954DA00CF298D /* playing_now.png in Resources */ = {isa = PBXBuildFile; fileRef = 7D8B8C741A6954DA00CF298D /* playing_now.png */; };
		7DF9FB8E1A681654008F37EB /* MovieSearchViewController.m in Sources */ = {isa = PBXBuildFile; fileRef = 7DF9FB8C1A6814E2008F37EB /* MovieSearchViewController.m */; };
		7DF9FB911A683EFB008F37EB /* MovieProcessor.m in Sources */ = {isa = PBXBuildFile; fileRef = 7DF9FB901A683EFB008F37EB /* MovieProcessor.m */; };
		7DF9FB941A685386008F37EB /* SideMenu.m in Sources */ = {isa = PBXBuildFile; fileRef = 7DF9FB931A685386008F37EB /* SideMenu.m */; };
		7DF9FBA41A68583A008F37EB /* SideMenuCell.m in Sources */ = {isa = PBXBuildFile; fileRef = 7DF9FBA31A68583A008F37EB /* SideMenuCell.m */; };
		7DF9FBA61A685889008F37EB /* SideMenuCell.xib in Resources */ = {isa = PBXBuildFile; fileRef = 7DF9FBA51A685889008F37EB /* SideMenuCell.xib */; };
/* End PBXBuildFile section */

/* Begin PBXContainerItemProxy section */
		33CA4AD31A6B29BD00BAD6FD /* PBXContainerItemProxy */ = {
			isa = PBXContainerItemProxy;
			containerPortal = 7D02AEB11A66BB9200BC843F /* Project object */;
			proxyType = 1;
			remoteGlobalIDString = 7D02AEB81A66BB9200BC843F;
			remoteInfo = Bootcamp;
		};
/* End PBXContainerItemProxy section */

/* Begin PBXFileReference section */
		33CA4AC41A6B29BC00BAD6FD /* Bootcamp Tests.xctest */ = {isa = PBXFileReference; explicitFileType = wrapper.cfbundle; includeInIndex = 0; path = "Bootcamp Tests.xctest"; sourceTree = BUILT_PRODUCTS_DIR; };
		33CA4ACB1A6B29BC00BAD6FD /* Info.plist */ = {isa = PBXFileReference; lastKnownFileType = text.plist.xml; path = Info.plist; sourceTree = "<group>"; };
		33CA4ACC1A6B29BC00BAD6FD /* Bootcamp Tests-Info.plist */ = {isa = PBXFileReference; lastKnownFileType = text.plist.xml; path = "Bootcamp Tests-Info.plist"; sourceTree = "<group>"; };
		33CA4ACE1A6B29BC00BAD6FD /* ExampleSpec.mm */ = {isa = PBXFileReference; lastKnownFileType = sourcecode.cpp.objcpp; path = ExampleSpec.mm; sourceTree = "<group>"; };
		33CA4AD01A6B29BC00BAD6FD /* Rakefile */ = {isa = PBXFileReference; lastKnownFileType = text; path = Rakefile; sourceTree = "<group>"; };
		33CA4AD11A6B29BD00BAD6FD /* Cedar-iOS.framework */ = {isa = PBXFileReference; lastKnownFileType = wrapper.framework; name = "Cedar-iOS.framework"; path = "Frameworks/Cedar-iOS.framework"; sourceTree = "<group>"; };
		7D02AEB91A66BB9200BC843F /* Bootcamp.app */ = {isa = PBXFileReference; explicitFileType = wrapper.application; includeInIndex = 0; path = Bootcamp.app; sourceTree = BUILT_PRODUCTS_DIR; };
		7D02AEBD1A66BB9200BC843F /* Info.plist */ = {isa = PBXFileReference; lastKnownFileType = text.plist.xml; path = Info.plist; sourceTree = "<group>"; };
		7D02AEBE1A66BB9200BC843F /* main.m */ = {isa = PBXFileReference; lastKnownFileType = sourcecode.c.objc; path = main.m; sourceTree = "<group>"; };
		7D02AEC01A66BB9200BC843F /* AppDelegate.h */ = {isa = PBXFileReference; lastKnownFileType = sourcecode.c.h; path = AppDelegate.h; sourceTree = "<group>"; };
		7D02AEC11A66BB9200BC843F /* AppDelegate.m */ = {isa = PBXFileReference; lastKnownFileType = sourcecode.c.objc; path = AppDelegate.m; sourceTree = "<group>"; };
		7D02AEC41A66BB9200BC843F /* Bootcamp.xcdatamodel */ = {isa = PBXFileReference; lastKnownFileType = wrapper.xcdatamodel; path = Bootcamp.xcdatamodel; sourceTree = "<group>"; };
		7D02AEC61A66BB9200BC843F /* ViewController.h */ = {isa = PBXFileReference; lastKnownFileType = sourcecode.c.h; path = ViewController.h; sourceTree = "<group>"; };
		7D02AEC71A66BB9200BC843F /* ViewController.m */ = {isa = PBXFileReference; lastKnownFileType = sourcecode.c.objc; path = ViewController.m; sourceTree = "<group>"; };
		7D02AECA1A66BB9200BC843F /* Base */ = {isa = PBXFileReference; lastKnownFileType = file.storyboard; name = Base; path = Base.lproj/Main.storyboard; sourceTree = "<group>"; };
		7D02AECC1A66BB9200BC843F /* Images.xcassets */ = {isa = PBXFileReference; lastKnownFileType = folder.assetcatalog; path = Images.xcassets; sourceTree = "<group>"; };
		7D02AECF1A66BB9200BC843F /* Base */ = {isa = PBXFileReference; lastKnownFileType = file.xib; name = Base; path = Base.lproj/LaunchScreen.xib; sourceTree = "<group>"; };
		7D02AEE51A66BBA100BC843F /* APIController.h */ = {isa = PBXFileReference; fileEncoding = 4; lastKnownFileType = sourcecode.c.h; path = APIController.h; sourceTree = "<group>"; };
		7D02AEE61A66BBA100BC843F /* APIController.m */ = {isa = PBXFileReference; fileEncoding = 4; lastKnownFileType = sourcecode.c.objc; path = APIController.m; sourceTree = "<group>"; };
		7D02AEE71A66BBA100BC843F /* Movie.h */ = {isa = PBXFileReference; fileEncoding = 4; lastKnownFileType = sourcecode.c.h; path = Movie.h; sourceTree = "<group>"; };
		7D02AEE81A66BBA100BC843F /* Movie.m */ = {isa = PBXFileReference; fileEncoding = 4; lastKnownFileType = sourcecode.c.objc; path = Movie.m; sourceTree = "<group>"; };
		7D02AEE91A66BBA100BC843F /* SessionVars.h */ = {isa = PBXFileReference; fileEncoding = 4; lastKnownFileType = sourcecode.c.h; path = SessionVars.h; sourceTree = "<group>"; };
		7D02AEEA1A66BBA100BC843F /* SessionVars.m */ = {isa = PBXFileReference; fileEncoding = 4; lastKnownFileType = sourcecode.c.objc; path = SessionVars.m; sourceTree = "<group>"; };
		7D02AEEF1A66C0F800BC843F /* AFHTTPRequestOperation.h */ = {isa = PBXFileReference; fileEncoding = 4; lastKnownFileType = sourcecode.c.h; path = AFHTTPRequestOperation.h; sourceTree = "<group>"; };
		7D02AEF01A66C0F800BC843F /* AFHTTPRequestOperation.m */ = {isa = PBXFileReference; fileEncoding = 4; lastKnownFileType = sourcecode.c.objc; path = AFHTTPRequestOperation.m; sourceTree = "<group>"; };
		7D02AEF11A66C0F800BC843F /* AFHTTPRequestOperationManager.h */ = {isa = PBXFileReference; fileEncoding = 4; lastKnownFileType = sourcecode.c.h; path = AFHTTPRequestOperationManager.h; sourceTree = "<group>"; };
		7D02AEF21A66C0F800BC843F /* AFHTTPRequestOperationManager.m */ = {isa = PBXFileReference; fileEncoding = 4; lastKnownFileType = sourcecode.c.objc; path = AFHTTPRequestOperationManager.m; sourceTree = "<group>"; };
		7D02AEF31A66C0F800BC843F /* AFHTTPSessionManager.h */ = {isa = PBXFileReference; fileEncoding = 4; lastKnownFileType = sourcecode.c.h; path = AFHTTPSessionManager.h; sourceTree = "<group>"; };
		7D02AEF41A66C0F800BC843F /* AFHTTPSessionManager.m */ = {isa = PBXFileReference; fileEncoding = 4; lastKnownFileType = sourcecode.c.objc; path = AFHTTPSessionManager.m; sourceTree = "<group>"; };
		7D02AEF51A66C0F800BC843F /* AFNetworking.h */ = {isa = PBXFileReference; fileEncoding = 4; lastKnownFileType = sourcecode.c.h; path = AFNetworking.h; sourceTree = "<group>"; };
		7D02AEF61A66C0F800BC843F /* AFNetworkReachabilityManager.h */ = {isa = PBXFileReference; fileEncoding = 4; lastKnownFileType = sourcecode.c.h; path = AFNetworkReachabilityManager.h; sourceTree = "<group>"; };
		7D02AEF71A66C0F800BC843F /* AFNetworkReachabilityManager.m */ = {isa = PBXFileReference; fileEncoding = 4; lastKnownFileType = sourcecode.c.objc; path = AFNetworkReachabilityManager.m; sourceTree = "<group>"; };
		7D02AEF81A66C0F800BC843F /* AFSecurityPolicy.h */ = {isa = PBXFileReference; fileEncoding = 4; lastKnownFileType = sourcecode.c.h; path = AFSecurityPolicy.h; sourceTree = "<group>"; };
		7D02AEF91A66C0F800BC843F /* AFSecurityPolicy.m */ = {isa = PBXFileReference; fileEncoding = 4; lastKnownFileType = sourcecode.c.objc; path = AFSecurityPolicy.m; sourceTree = "<group>"; };
		7D02AEFA1A66C0F800BC843F /* AFURLConnectionOperation.h */ = {isa = PBXFileReference; fileEncoding = 4; lastKnownFileType = sourcecode.c.h; path = AFURLConnectionOperation.h; sourceTree = "<group>"; };
		7D02AEFB1A66C0F800BC843F /* AFURLConnectionOperation.m */ = {isa = PBXFileReference; fileEncoding = 4; lastKnownFileType = sourcecode.c.objc; path = AFURLConnectionOperation.m; sourceTree = "<group>"; };
		7D02AEFC1A66C0F800BC843F /* AFURLRequestSerialization.h */ = {isa = PBXFileReference; fileEncoding = 4; lastKnownFileType = sourcecode.c.h; path = AFURLRequestSerialization.h; sourceTree = "<group>"; };
		7D02AEFD1A66C0F800BC843F /* AFURLRequestSerialization.m */ = {isa = PBXFileReference; fileEncoding = 4; lastKnownFileType = sourcecode.c.objc; path = AFURLRequestSerialization.m; sourceTree = "<group>"; };
		7D02AEFE1A66C0F800BC843F /* AFURLResponseSerialization.h */ = {isa = PBXFileReference; fileEncoding = 4; lastKnownFileType = sourcecode.c.h; path = AFURLResponseSerialization.h; sourceTree = "<group>"; };
		7D02AEFF1A66C0F800BC843F /* AFURLResponseSerialization.m */ = {isa = PBXFileReference; fileEncoding = 4; lastKnownFileType = sourcecode.c.objc; path = AFURLResponseSerialization.m; sourceTree = "<group>"; };
		7D02AF001A66C0F800BC843F /* AFURLSessionManager.h */ = {isa = PBXFileReference; fileEncoding = 4; lastKnownFileType = sourcecode.c.h; path = AFURLSessionManager.h; sourceTree = "<group>"; };
		7D02AF011A66C0F800BC843F /* AFURLSessionManager.m */ = {isa = PBXFileReference; fileEncoding = 4; lastKnownFileType = sourcecode.c.objc; path = AFURLSessionManager.m; sourceTree = "<group>"; };
		7D02AF0D1A66C58500BC843F /* StyledNavigationController.h */ = {isa = PBXFileReference; fileEncoding = 4; lastKnownFileType = sourcecode.c.h; path = StyledNavigationController.h; sourceTree = "<group>"; };
		7D02AF0E1A66C58500BC843F /* StyledNavigationController.m */ = {isa = PBXFileReference; fileEncoding = 4; lastKnownFileType = sourcecode.c.objc; path = StyledNavigationController.m; sourceTree = "<group>"; };
		7D02AF101A66CAC000BC843F /* Cell.xib */ = {isa = PBXFileReference; fileEncoding = 4; lastKnownFileType = file.xib; name = Cell.xib; path = ../Cell.xib; sourceTree = "<group>"; };
		7D02AF131A66CC7D00BC843F /* CustomCell.h */ = {isa = PBXFileReference; fileEncoding = 4; lastKnownFileType = sourcecode.c.h; path = CustomCell.h; sourceTree = "<group>"; };
		7D02AF141A66CC7D00BC843F /* CustomCell.m */ = {isa = PBXFileReference; fileEncoding = 4; lastKnownFileType = sourcecode.c.objc; path = CustomCell.m; sourceTree = "<group>"; };
		7D0CB5541A66F64E00D9D3E6 /* Bootcamp 2.xcdatamodel */ = {isa = PBXFileReference; lastKnownFileType = wrapper.xcdatamodel; path = "Bootcamp 2.xcdatamodel"; sourceTree = "<group>"; };
		7D0CB5551A66FEB900D9D3E6 /* MovieDetailsController.h */ = {isa = PBXFileReference; fileEncoding = 4; lastKnownFileType = sourcecode.c.h; path = MovieDetailsController.h; sourceTree = "<group>"; };
		7D0CB5561A66FEB900D9D3E6 /* MovieDetailsController.m */ = {isa = PBXFileReference; fileEncoding = 4; lastKnownFileType = sourcecode.c.objc; path = MovieDetailsController.m; sourceTree = "<group>"; };
		7D1C2EEB1A685B05005E5A6D /* burger_icon.png */ = {isa = PBXFileReference; lastKnownFileType = image.png; path = burger_icon.png; sourceTree = "<group>"; };
		7D8B8C721A6954DA00CF298D /* box_office.png */ = {isa = PBXFileReference; lastKnownFileType = image.png; name = box_office.png; path = bootcamp/Images/box_office.png; sourceTree = SOURCE_ROOT; };
		7D8B8C731A6954DA00CF298D /* coming_up.png */ = {isa = PBXFileReference; lastKnownFileType = image.png; name = coming_up.png; path = bootcamp/Images/coming_up.png; sourceTree = SOURCE_ROOT; };
		7D8B8C741A6954DA00CF298D /* playing_now.png */ = {isa = PBXFileReference; lastKnownFileType = image.png; name = playing_now.png; path = bootcamp/Images/playing_now.png; sourceTree = SOURCE_ROOT; };
		7DF9FB701A6808E0008F37EB /* XCTest.framework */ = {isa = PBXFileReference; lastKnownFileType = wrapper.framework; name = XCTest.framework; path = Library/Frameworks/XCTest.framework; sourceTree = DEVELOPER_DIR; };
		7DF9FB721A6808E0008F37EB /* CoreGraphics.framework */ = {isa = PBXFileReference; lastKnownFileType = wrapper.framework; name = CoreGraphics.framework; path = /System/Library/Frameworks/CoreGraphics.framework; sourceTree = "<absolute>"; };
		7DF9FB741A6808E0008F37EB /* UIKit.framework */ = {isa = PBXFileReference; lastKnownFileType = wrapper.framework; name = UIKit.framework; path = Library/Frameworks/UIKit.framework; sourceTree = DEVELOPER_DIR; };
		7DF9FB761A6808E0008F37EB /* Foundation.framework */ = {isa = PBXFileReference; lastKnownFileType = wrapper.framework; name = Foundation.framework; path = /System/Library/Frameworks/Foundation.framework; sourceTree = "<absolute>"; };
		7DF9FB8B1A6814E2008F37EB /* MovieSearchViewController.h */ = {isa = PBXFileReference; fileEncoding = 4; lastKnownFileType = sourcecode.c.h; name = MovieSearchViewController.h; path = ../MovieSearchViewController.h; sourceTree = "<group>"; };
		7DF9FB8C1A6814E2008F37EB /* MovieSearchViewController.m */ = {isa = PBXFileReference; fileEncoding = 4; lastKnownFileType = sourcecode.c.objc; name = MovieSearchViewController.m; path = ../MovieSearchViewController.m; sourceTree = "<group>"; };
		7DF9FB8F1A683EFB008F37EB /* MovieProcessor.h */ = {isa = PBXFileReference; fileEncoding = 4; lastKnownFileType = sourcecode.c.h; name = MovieProcessor.h; path = bootcamp/MovieProcessor.h; sourceTree = SOURCE_ROOT; };
		7DF9FB901A683EFB008F37EB /* MovieProcessor.m */ = {isa = PBXFileReference; fileEncoding = 4; lastKnownFileType = sourcecode.c.objc; name = MovieProcessor.m; path = bootcamp/MovieProcessor.m; sourceTree = SOURCE_ROOT; };
		7DF9FB921A685386008F37EB /* SideMenu.h */ = {isa = PBXFileReference; fileEncoding = 4; lastKnownFileType = sourcecode.c.h; name = SideMenu.h; path = ../SideMenu.h; sourceTree = "<group>"; };
		7DF9FB931A685386008F37EB /* SideMenu.m */ = {isa = PBXFileReference; fileEncoding = 4; lastKnownFileType = sourcecode.c.objc; name = SideMenu.m; path = ../SideMenu.m; sourceTree = "<group>"; };
		7DF9FBA21A68583A008F37EB /* SideMenuCell.h */ = {isa = PBXFileReference; fileEncoding = 4; lastKnownFileType = sourcecode.c.h; name = SideMenuCell.h; path = bootcamp/SideMenuCell.h; sourceTree = SOURCE_ROOT; };
		7DF9FBA31A68583A008F37EB /* SideMenuCell.m */ = {isa = PBXFileReference; fileEncoding = 4; lastKnownFileType = sourcecode.c.objc; name = SideMenuCell.m; path = bootcamp/SideMenuCell.m; sourceTree = SOURCE_ROOT; };
		7DF9FBA51A685889008F37EB /* SideMenuCell.xib */ = {isa = PBXFileReference; fileEncoding = 4; lastKnownFileType = file.xib; name = SideMenuCell.xib; path = bootcamp/SideMenuCell.xib; sourceTree = SOURCE_ROOT; };
/* End PBXFileReference section */

/* Begin PBXFrameworksBuildPhase section */
		33CA4ABD1A6B29BC00BAD6FD /* Frameworks */ = {
			isa = PBXFrameworksBuildPhase;
			buildActionMask = 2147483647;
			files = (
				33CA4AC61A6B29BC00BAD6FD /* CoreGraphics.framework in Frameworks */,
				33CA4AC71A6B29BC00BAD6FD /* UIKit.framework in Frameworks */,
				33CA4AD21A6B29BD00BAD6FD /* Cedar-iOS.framework in Frameworks */,
				33CA4AC51A6B29BC00BAD6FD /* XCTest.framework in Frameworks */,
				33CA4AC81A6B29BC00BAD6FD /* Foundation.framework in Frameworks */,
			);
			runOnlyForDeploymentPostprocessing = 0;
		};
		33CA4AC01A6B29BC00BAD6FD /* Frameworks */ = {
			isa = PBXFrameworksBuildPhase;
			buildActionMask = 2147483647;
			files = (
			);
			runOnlyForDeploymentPostprocessing = 0;
		};
		7D02AEB61A66BB9200BC843F /* Frameworks */ = {
			isa = PBXFrameworksBuildPhase;
			buildActionMask = 2147483647;
			files = (
			);
			runOnlyForDeploymentPostprocessing = 0;
		};
/* End PBXFrameworksBuildPhase section */

/* Begin PBXGroup section */
		33CA4AC91A6B29BC00BAD6FD /* Bootcamp Tests */ = {
			isa = PBXGroup;
			children = (
				33CA4ACC1A6B29BC00BAD6FD /* Bootcamp Tests-Info.plist */,
				33CA4ACE1A6B29BC00BAD6FD /* ExampleSpec.mm */,
				33CA4AD01A6B29BC00BAD6FD /* Rakefile */,
				33CA4AD11A6B29BD00BAD6FD /* Cedar-iOS.framework */,
				33CA4ACA1A6B29BC00BAD6FD /* Supporting Files */,
			);
			path = "Bootcamp Tests";
			sourceTree = "<group>";
		};
		33CA4ACA1A6B29BC00BAD6FD /* Supporting Files */ = {
			isa = PBXGroup;
			children = (
				33CA4ACB1A6B29BC00BAD6FD /* Info.plist */,
			);
			name = "Supporting Files";
			sourceTree = "<group>";
		};
		7D02AEB01A66BB9200BC843F = {
			isa = PBXGroup;
			children = (
				7D02AEBB1A66BB9200BC843F /* Bootcamp */,
				33CA4AC91A6B29BC00BAD6FD /* Bootcamp Tests */,
				7DF9FB6F1A6808E0008F37EB /* Frameworks */,
				7D02AEBA1A66BB9200BC843F /* Products */,
			);
			sourceTree = "<group>";
		};
		7D02AEBA1A66BB9200BC843F /* Products */ = {
			isa = PBXGroup;
			children = (
				7D02AEB91A66BB9200BC843F /* Bootcamp.app */,
				33CA4AC41A6B29BC00BAD6FD /* Bootcamp Tests.xctest */,
			);
			name = Products;
			sourceTree = "<group>";
		};
		7D02AEBB1A66BB9200BC843F /* Bootcamp */ = {
			isa = PBXGroup;
			children = (
				7D02AF121A66CB2C00BC843F /* Interface */,
				7D02AEE51A66BBA100BC843F /* APIController.h */,
				7D02AEE61A66BBA100BC843F /* APIController.m */,
				7D02AEE71A66BBA100BC843F /* Movie.h */,
				7D02AEE81A66BBA100BC843F /* Movie.m */,
				7D02AEE91A66BBA100BC843F /* SessionVars.h */,
				7D02AEEA1A66BBA100BC843F /* SessionVars.m */,
				7D02AEC01A66BB9200BC843F /* AppDelegate.h */,
				7D02AEC11A66BB9200BC843F /* AppDelegate.m */,
				7D02AEC61A66BB9200BC843F /* ViewController.h */,
				7D02AEC71A66BB9200BC843F /* ViewController.m */,
				7DF9FB8B1A6814E2008F37EB /* MovieSearchViewController.h */,
				7DF9FB8C1A6814E2008F37EB /* MovieSearchViewController.m */,
				7D0CB5551A66FEB900D9D3E6 /* MovieDetailsController.h */,
				7D0CB5561A66FEB900D9D3E6 /* MovieDetailsController.m */,
				7DF9FB8F1A683EFB008F37EB /* MovieProcessor.h */,
				7DF9FB901A683EFB008F37EB /* MovieProcessor.m */,
				7D02AEEE1A66C0F800BC843F /* AFNetworking */,
				7D02AECC1A66BB9200BC843F /* Images.xcassets */,
				7D02AECE1A66BB9200BC843F /* LaunchScreen.xib */,
				7D02AEC31A66BB9200BC843F /* Bootcamp.xcdatamodeld */,
				7D02AEBC1A66BB9200BC843F /* Supporting Files */,
			);
			path = Bootcamp;
			sourceTree = "<group>";
		};
		7D02AEBC1A66BB9200BC843F /* Supporting Files */ = {
			isa = PBXGroup;
			children = (
				7DF9FBA11A6857E8008F37EB /* Img */,
				7D02AEBD1A66BB9200BC843F /* Info.plist */,
				7D02AEBE1A66BB9200BC843F /* main.m */,
			);
			name = "Supporting Files";
			sourceTree = "<group>";
		};
		7D02AEEE1A66C0F800BC843F /* AFNetworking */ = {
			isa = PBXGroup;
			children = (
				7D02AEEF1A66C0F800BC843F /* AFHTTPRequestOperation.h */,
				7D02AEF01A66C0F800BC843F /* AFHTTPRequestOperation.m */,
				7D02AEF11A66C0F800BC843F /* AFHTTPRequestOperationManager.h */,
				7D02AEF21A66C0F800BC843F /* AFHTTPRequestOperationManager.m */,
				7D02AEF31A66C0F800BC843F /* AFHTTPSessionManager.h */,
				7D02AEF41A66C0F800BC843F /* AFHTTPSessionManager.m */,
				7D02AEF51A66C0F800BC843F /* AFNetworking.h */,
				7D02AEF61A66C0F800BC843F /* AFNetworkReachabilityManager.h */,
				7D02AEF71A66C0F800BC843F /* AFNetworkReachabilityManager.m */,
				7D02AEF81A66C0F800BC843F /* AFSecurityPolicy.h */,
				7D02AEF91A66C0F800BC843F /* AFSecurityPolicy.m */,
				7D02AEFA1A66C0F800BC843F /* AFURLConnectionOperation.h */,
				7D02AEFB1A66C0F800BC843F /* AFURLConnectionOperation.m */,
				7D02AEFC1A66C0F800BC843F /* AFURLRequestSerialization.h */,
				7D02AEFD1A66C0F800BC843F /* AFURLRequestSerialization.m */,
				7D02AEFE1A66C0F800BC843F /* AFURLResponseSerialization.h */,
				7D02AEFF1A66C0F800BC843F /* AFURLResponseSerialization.m */,
				7D02AF001A66C0F800BC843F /* AFURLSessionManager.h */,
				7D02AF011A66C0F800BC843F /* AFURLSessionManager.m */,
			);
			path = AFNetworking;
			sourceTree = "<group>";
		};
		7D02AF121A66CB2C00BC843F /* Interface */ = {
			isa = PBXGroup;
			children = (
				7D02AF0D1A66C58500BC843F /* StyledNavigationController.h */,
				7D02AF0E1A66C58500BC843F /* StyledNavigationController.m */,
				7D02AF101A66CAC000BC843F /* Cell.xib */,
				7D02AEC91A66BB9200BC843F /* Main.storyboard */,
				7D02AF131A66CC7D00BC843F /* CustomCell.h */,
				7D02AF141A66CC7D00BC843F /* CustomCell.m */,
				7DF9FBA21A68583A008F37EB /* SideMenuCell.h */,
				7DF9FBA31A68583A008F37EB /* SideMenuCell.m */,
				7DF9FBA51A685889008F37EB /* SideMenuCell.xib */,
				7DF9FB921A685386008F37EB /* SideMenu.h */,
				7DF9FB931A685386008F37EB /* SideMenu.m */,
			);
			name = Interface;
			sourceTree = "<group>";
		};
		7DF9FB6F1A6808E0008F37EB /* Frameworks */ = {
			isa = PBXGroup;
			children = (
				7DF9FB701A6808E0008F37EB /* XCTest.framework */,
				7DF9FB721A6808E0008F37EB /* CoreGraphics.framework */,
				7DF9FB741A6808E0008F37EB /* UIKit.framework */,
				7DF9FB761A6808E0008F37EB /* Foundation.framework */,
			);
			name = Frameworks;
			sourceTree = "<group>";
		};
		7DF9FBA11A6857E8008F37EB /* Img */ = {
			isa = PBXGroup;
			children = (
				7D8B8C721A6954DA00CF298D /* box_office.png */,
				7D8B8C731A6954DA00CF298D /* coming_up.png */,
				7D8B8C741A6954DA00CF298D /* playing_now.png */,
				7D1C2EEB1A685B05005E5A6D /* burger_icon.png */,
			);
			name = Img;
			sourceTree = "<group>";
		};
/* End PBXGroup section */

/* Begin PBXNativeTarget section */
		33CA4AC31A6B29BC00BAD6FD /* Bootcamp Tests */ = {
			isa = PBXNativeTarget;
			buildConfigurationList = 33CA4AD51A6B29BD00BAD6FD /* Build configuration list for PBXNativeTarget "Bootcamp Tests" */;
			buildPhases = (
				33CA4ABC1A6B29BC00BAD6FD /* Sources */,
				33CA4ABD1A6B29BC00BAD6FD /* Frameworks */,
				33CA4ABE1A6B29BC00BAD6FD /* Resources */,
				33CA4ABF1A6B29BC00BAD6FD /* Sources */,
				33CA4AC01A6B29BC00BAD6FD /* Frameworks */,
				33CA4AC11A6B29BC00BAD6FD /* Resources */,
				33CA4AC21A6B29BC00BAD6FD /* ShellScript */,
			);
			buildRules = (
			);
			dependencies = (
				33CA4AD41A6B29BD00BAD6FD /* PBXTargetDependency */,
			);
			name = "Bootcamp Tests";
			productName = "Bootcamp Tests";
			productReference = 33CA4AC41A6B29BC00BAD6FD /* Bootcamp Tests.xctest */;
			productType = "com.apple.product-type.bundle.unit-test";
		};
		7D02AEB81A66BB9200BC843F /* Bootcamp */ = {
			isa = PBXNativeTarget;
			buildConfigurationList = 7D02AEDF1A66BB9200BC843F /* Build configuration list for PBXNativeTarget "Bootcamp" */;
			buildPhases = (
				7D02AEB51A66BB9200BC843F /* Sources */,
				7D02AEB61A66BB9200BC843F /* Frameworks */,
				7D02AEB71A66BB9200BC843F /* Resources */,
			);
			buildRules = (
			);
			dependencies = (
			);
			name = Bootcamp;
			productName = Bootcamp;
			productReference = 7D02AEB91A66BB9200BC843F /* Bootcamp.app */;
			productType = "com.apple.product-type.application";
		};
/* End PBXNativeTarget section */

/* Begin PBXProject section */
		7D02AEB11A66BB9200BC843F /* Project object */ = {
			isa = PBXProject;
			attributes = {
				LastUpgradeCheck = 0610;
				ORGANIZATIONNAME = DX209;
				TargetAttributes = {
					33CA4AC31A6B29BC00BAD6FD = {
						CreatedOnToolsVersion = 6.2;
						TestTargetID = 7D02AEB81A66BB9200BC843F;
					};
					7D02AEB81A66BB9200BC843F = {
						CreatedOnToolsVersion = 6.1.1;
					};
				};
			};
			buildConfigurationList = 7D02AEB41A66BB9200BC843F /* Build configuration list for PBXProject "bootcamp" */;
			compatibilityVersion = "Xcode 3.2";
			developmentRegion = English;
			hasScannedForEncodings = 0;
			knownRegions = (
				en,
				Base,
			);
			mainGroup = 7D02AEB01A66BB9200BC843F;
			productRefGroup = 7D02AEBA1A66BB9200BC843F /* Products */;
			projectDirPath = "";
			projectRoot = "";
			targets = (
				7D02AEB81A66BB9200BC843F /* Bootcamp */,
				33CA4AC31A6B29BC00BAD6FD /* Bootcamp Tests */,
			);
		};
/* End PBXProject section */

/* Begin PBXResourcesBuildPhase section */
		33CA4ABE1A6B29BC00BAD6FD /* Resources */ = {
			isa = PBXResourcesBuildPhase;
			buildActionMask = 2147483647;
			files = (
				33CA4ACD1A6B29BC00BAD6FD /* Bootcamp Tests-Info.plist in Resources */,
			);
			runOnlyForDeploymentPostprocessing = 0;
		};
		33CA4AC11A6B29BC00BAD6FD /* Resources */ = {
			isa = PBXResourcesBuildPhase;
			buildActionMask = 2147483647;
			files = (
			);
			runOnlyForDeploymentPostprocessing = 0;
		};
		7D02AEB71A66BB9200BC843F /* Resources */ = {
			isa = PBXResourcesBuildPhase;
			buildActionMask = 2147483647;
			files = (
				7D02AECB1A66BB9200BC843F /* Main.storyboard in Resources */,
				7D8B8C761A6954DA00CF298D /* coming_up.png in Resources */,
				7D8B8C771A6954DA00CF298D /* playing_now.png in Resources */,
				7D02AF111A66CAC000BC843F /* Cell.xib in Resources */,
				7DF9FBA61A685889008F37EB /* SideMenuCell.xib in Resources */,
				7D02AED01A66BB9200BC843F /* LaunchScreen.xib in Resources */,
				7D1C2EEC1A685B05005E5A6D /* burger_icon.png in Resources */,
				7D8B8C751A6954DA00CF298D /* box_office.png in Resources */,
				7D02AECD1A66BB9200BC843F /* Images.xcassets in Resources */,
			);
			runOnlyForDeploymentPostprocessing = 0;
		};
/* End PBXResourcesBuildPhase section */

/* Begin PBXShellScriptBuildPhase section */
		33CA4AC21A6B29BC00BAD6FD /* ShellScript */ = {
			isa = PBXShellScriptBuildPhase;
			buildActionMask = 2147483647;
			files = (
			);
			inputPaths = (
			);
			outputPaths = (
			);
			runOnlyForDeploymentPostprocessing = 0;
			shellPath = /bin/sh;
			shellScript = "# Run the unit tests in this test bundle.\n            \"${SYSTEM_DEVELOPER_DIR}/Tools/RunUnitTests\"\n            ";
		};
/* End PBXShellScriptBuildPhase section */

/* Begin PBXSourcesBuildPhase section */
		33CA4ABC1A6B29BC00BAD6FD /* Sources */ = {
			isa = PBXSourcesBuildPhase;
			buildActionMask = 2147483647;
			files = (
				33CA4ACF1A6B29BC00BAD6FD /* ExampleSpec.mm in Sources */,
			);
			runOnlyForDeploymentPostprocessing = 0;
		};
		33CA4ABF1A6B29BC00BAD6FD /* Sources */ = {
			isa = PBXSourcesBuildPhase;
			buildActionMask = 2147483647;
			files = (
			);
			runOnlyForDeploymentPostprocessing = 0;
		};
		7D02AEB51A66BB9200BC843F /* Sources */ = {
			isa = PBXSourcesBuildPhase;
			buildActionMask = 2147483647;
			files = (
				7DF9FB8E1A681654008F37EB /* MovieSearchViewController.m in Sources */,
				7D02AF071A66C0F800BC843F /* AFURLConnectionOperation.m in Sources */,
				7D02AEEC1A66BBA100BC843F /* Movie.m in Sources */,
				7D02AF0F1A66C58500BC843F /* StyledNavigationController.m in Sources */,
				7D02AEC21A66BB9200BC843F /* AppDelegate.m in Sources */,
				7D0CB5571A66FEB900D9D3E6 /* MovieDetailsController.m in Sources */,
				7D02AEEB1A66BBA100BC843F /* APIController.m in Sources */,
				7DF9FB941A685386008F37EB /* SideMenu.m in Sources */,
				7D02AF091A66C0F800BC843F /* AFURLResponseSerialization.m in Sources */,
				7DF9FB911A683EFB008F37EB /* MovieProcessor.m in Sources */,
				7D02AEED1A66BBA100BC843F /* SessionVars.m in Sources */,
				7D02AF081A66C0F800BC843F /* AFURLRequestSerialization.m in Sources */,
				7D02AF151A66CC7D00BC843F /* CustomCell.m in Sources */,
				7D02AF061A66C0F800BC843F /* AFSecurityPolicy.m in Sources */,
				7D02AF021A66C0F800BC843F /* AFHTTPRequestOperation.m in Sources */,
				7DF9FBA41A68583A008F37EB /* SideMenuCell.m in Sources */,
				7D02AF0A1A66C0F800BC843F /* AFURLSessionManager.m in Sources */,
				7D02AEBF1A66BB9200BC843F /* main.m in Sources */,
				7D02AEC81A66BB9200BC843F /* ViewController.m in Sources */,
				7D02AF041A66C0F800BC843F /* AFHTTPSessionManager.m in Sources */,
				7D02AEC51A66BB9200BC843F /* Bootcamp.xcdatamodeld in Sources */,
				7D02AF051A66C0F800BC843F /* AFNetworkReachabilityManager.m in Sources */,
				7D02AF031A66C0F800BC843F /* AFHTTPRequestOperationManager.m in Sources */,
			);
			runOnlyForDeploymentPostprocessing = 0;
		};
/* End PBXSourcesBuildPhase section */

/* Begin PBXTargetDependency section */
		33CA4AD41A6B29BD00BAD6FD /* PBXTargetDependency */ = {
			isa = PBXTargetDependency;
			target = 7D02AEB81A66BB9200BC843F /* Bootcamp */;
			targetProxy = 33CA4AD31A6B29BD00BAD6FD /* PBXContainerItemProxy */;
		};
/* End PBXTargetDependency section */

/* Begin PBXVariantGroup section */
		7D02AEC91A66BB9200BC843F /* Main.storyboard */ = {
			isa = PBXVariantGroup;
			children = (
				7D02AECA1A66BB9200BC843F /* Base */,
			);
			name = Main.storyboard;
			sourceTree = "<group>";
		};
		7D02AECE1A66BB9200BC843F /* LaunchScreen.xib */ = {
			isa = PBXVariantGroup;
			children = (
				7D02AECF1A66BB9200BC843F /* Base */,
			);
			name = LaunchScreen.xib;
			sourceTree = "<group>";
		};
/* End PBXVariantGroup section */

/* Begin XCBuildConfiguration section */
		33CA4AD61A6B29BD00BAD6FD /* Debug */ = {
			isa = XCBuildConfiguration;
			buildSettings = {
				BUNDLE_LOADER = "$(TEST_HOST)";
				FRAMEWORK_SEARCH_PATHS = (
					"$(SDKROOT)/Developer/Library/Frameworks",
					"$(DEVELOPER_LIBRARY_DIR)/Frameworks",
					"$(inherited)",
					"$(DEVELOPER_FRAMEWORKS_DIR)",
					"$(PROJECT_DIR)/Bootcamp",
					Tests/Frameworks,
				);
				GCC_PREFIX_HEADER = "";
				GCC_PREPROCESSOR_DEFINITIONS = (
					"DEBUG=1",
					"$(inherited)",
				);
				INFOPLIST_FILE = "Bootcamp Tests/Info.plist";
				IPHONEOS_DEPLOYMENT_TARGET = 8.2;
				LD_RUNPATH_SEARCH_PATHS = "$(inherited) @executable_path/Frameworks @loader_path/Frameworks";
				OTHER_LDFLAGS = (
					"-ObjC",
					"-all_load",
					"-lstdc++",
					"$(inherited)",
				);
				PRODUCT_NAME = "$(TARGET_NAME)";
				TEST_HOST = "$(BUILT_PRODUCTS_DIR)/Bootcamp.app/Bootcamp";
				WRAPPER_EXTENSION = xctest;
			};
			name = Debug;
		};
		33CA4AD71A6B29BD00BAD6FD /* Release */ = {
			isa = XCBuildConfiguration;
			buildSettings = {
				BUNDLE_LOADER = "$(TEST_HOST)";
				COPY_PHASE_STRIP = NO;
				FRAMEWORK_SEARCH_PATHS = (
					"$(SDKROOT)/Developer/Library/Frameworks",
					"$(DEVELOPER_LIBRARY_DIR)/Frameworks",
					"$(inherited)",
					"$(DEVELOPER_FRAMEWORKS_DIR)",
					"$(PROJECT_DIR)/Bootcamp",
					Tests/Frameworks,
				);
				GCC_PREFIX_HEADER = "";
				INFOPLIST_FILE = "Bootcamp Tests/Info.plist";
				IPHONEOS_DEPLOYMENT_TARGET = 8.2;
				LD_RUNPATH_SEARCH_PATHS = "$(inherited) @executable_path/Frameworks @loader_path/Frameworks";
				OTHER_LDFLAGS = (
					"-ObjC",
					"-all_load",
					"-lstdc++",
					"$(inherited)",
				);
				PRODUCT_NAME = "$(TARGET_NAME)";
				TEST_HOST = "$(BUILT_PRODUCTS_DIR)/Bootcamp.app/Bootcamp";
				WRAPPER_EXTENSION = xctest;
			};
			name = Release;
		};
		7D02AEDD1A66BB9200BC843F /* Debug */ = {
			isa = XCBuildConfiguration;
			buildSettings = {
				ALWAYS_SEARCH_USER_PATHS = NO;
				CLANG_CXX_LANGUAGE_STANDARD = "gnu++0x";
				CLANG_CXX_LIBRARY = "libc++";
				CLANG_ENABLE_MODULES = YES;
				CLANG_ENABLE_OBJC_ARC = YES;
				CLANG_WARN_BOOL_CONVERSION = YES;
				CLANG_WARN_CONSTANT_CONVERSION = YES;
				CLANG_WARN_DIRECT_OBJC_ISA_USAGE = YES_ERROR;
				CLANG_WARN_EMPTY_BODY = YES;
				CLANG_WARN_ENUM_CONVERSION = YES;
				CLANG_WARN_INT_CONVERSION = YES;
				CLANG_WARN_OBJC_ROOT_CLASS = YES_ERROR;
				CLANG_WARN_UNREACHABLE_CODE = YES;
				CLANG_WARN__DUPLICATE_METHOD_MATCH = YES;
				"CODE_SIGN_IDENTITY[sdk=iphoneos*]" = "iPhone Developer";
				COPY_PHASE_STRIP = NO;
				ENABLE_STRICT_OBJC_MSGSEND = YES;
				GCC_C_LANGUAGE_STANDARD = gnu99;
				GCC_DYNAMIC_NO_PIC = NO;
				GCC_OPTIMIZATION_LEVEL = 0;
				GCC_PREPROCESSOR_DEFINITIONS = (
					"DEBUG=1",
					"$(inherited)",
				);
				GCC_SYMBOLS_PRIVATE_EXTERN = NO;
				GCC_WARN_64_TO_32_BIT_CONVERSION = YES;
				GCC_WARN_ABOUT_RETURN_TYPE = YES_ERROR;
				GCC_WARN_UNDECLARED_SELECTOR = YES;
				GCC_WARN_UNINITIALIZED_AUTOS = YES_AGGRESSIVE;
				GCC_WARN_UNUSED_FUNCTION = YES;
				GCC_WARN_UNUSED_VARIABLE = YES;
				IPHONEOS_DEPLOYMENT_TARGET = 8.1;
				MTL_ENABLE_DEBUG_INFO = YES;
				ONLY_ACTIVE_ARCH = YES;
				SDKROOT = iphoneos;
				TARGETED_DEVICE_FAMILY = "1,2";
			};
			name = Debug;
		};
		7D02AEDE1A66BB9200BC843F /* Release */ = {
			isa = XCBuildConfiguration;
			buildSettings = {
				ALWAYS_SEARCH_USER_PATHS = NO;
				CLANG_CXX_LANGUAGE_STANDARD = "gnu++0x";
				CLANG_CXX_LIBRARY = "libc++";
				CLANG_ENABLE_MODULES = YES;
				CLANG_ENABLE_OBJC_ARC = YES;
				CLANG_WARN_BOOL_CONVERSION = YES;
				CLANG_WARN_CONSTANT_CONVERSION = YES;
				CLANG_WARN_DIRECT_OBJC_ISA_USAGE = YES_ERROR;
				CLANG_WARN_EMPTY_BODY = YES;
				CLANG_WARN_ENUM_CONVERSION = YES;
				CLANG_WARN_INT_CONVERSION = YES;
				CLANG_WARN_OBJC_ROOT_CLASS = YES_ERROR;
				CLANG_WARN_UNREACHABLE_CODE = YES;
				CLANG_WARN__DUPLICATE_METHOD_MATCH = YES;
				"CODE_SIGN_IDENTITY[sdk=iphoneos*]" = "iPhone Developer";
				COPY_PHASE_STRIP = YES;
				ENABLE_NS_ASSERTIONS = NO;
				ENABLE_STRICT_OBJC_MSGSEND = YES;
				GCC_C_LANGUAGE_STANDARD = gnu99;
				GCC_WARN_64_TO_32_BIT_CONVERSION = YES;
				GCC_WARN_ABOUT_RETURN_TYPE = YES_ERROR;
				GCC_WARN_UNDECLARED_SELECTOR = YES;
				GCC_WARN_UNINITIALIZED_AUTOS = YES_AGGRESSIVE;
				GCC_WARN_UNUSED_FUNCTION = YES;
				GCC_WARN_UNUSED_VARIABLE = YES;
				IPHONEOS_DEPLOYMENT_TARGET = 8.1;
				MTL_ENABLE_DEBUG_INFO = NO;
				SDKROOT = iphoneos;
				TARGETED_DEVICE_FAMILY = "1,2";
				VALIDATE_PRODUCT = YES;
			};
			name = Release;
		};
		7D02AEE01A66BB9200BC843F /* Debug */ = {
			isa = XCBuildConfiguration;
			buildSettings = {
				ASSETCATALOG_COMPILER_APPICON_NAME = AppIcon;
				FRAMEWORK_SEARCH_PATHS = (
					"$(inherited)",
					"$(PROJECT_DIR)/MoovieSpecs/Frameworks",
				);
				INFOPLIST_FILE = Bootcamp/Info.plist;
				LD_RUNPATH_SEARCH_PATHS = "$(inherited) @executable_path/Frameworks";
				PRODUCT_NAME = "$(TARGET_NAME)";
			};
			name = Debug;
		};
		7D02AEE11A66BB9200BC843F /* Release */ = {
			isa = XCBuildConfiguration;
			buildSettings = {
				ASSETCATALOG_COMPILER_APPICON_NAME = AppIcon;
				FRAMEWORK_SEARCH_PATHS = (
					"$(inherited)",
					"$(PROJECT_DIR)/MoovieSpecs/Frameworks",
				);
				INFOPLIST_FILE = Bootcamp/Info.plist;
				LD_RUNPATH_SEARCH_PATHS = "$(inherited) @executable_path/Frameworks";
				PRODUCT_NAME = "$(TARGET_NAME)";
			};
			name = Release;
		};
/* End XCBuildConfiguration section */

/* Begin XCConfigurationList section */
		33CA4AD51A6B29BD00BAD6FD /* Build configuration list for PBXNativeTarget "Bootcamp Tests" */ = {
			isa = XCConfigurationList;
			buildConfigurations = (
				33CA4AD61A6B29BD00BAD6FD /* Debug */,
				33CA4AD71A6B29BD00BAD6FD /* Release */,
			);
			defaultConfigurationIsVisible = 0;
		};
		7D02AEB41A66BB9200BC843F /* Build configuration list for PBXProject "bootcamp" */ = {
			isa = XCConfigurationList;
			buildConfigurations = (
				7D02AEDD1A66BB9200BC843F /* Debug */,
				7D02AEDE1A66BB9200BC843F /* Release */,
			);
			defaultConfigurationIsVisible = 0;
			defaultConfigurationName = Release;
		};
		7D02AEDF1A66BB9200BC843F /* Build configuration list for PBXNativeTarget "Bootcamp" */ = {
			isa = XCConfigurationList;
			buildConfigurations = (
				7D02AEE01A66BB9200BC843F /* Debug */,
				7D02AEE11A66BB9200BC843F /* Release */,
			);
			defaultConfigurationIsVisible = 0;
			defaultConfigurationName = Release;
		};
/* End XCConfigurationList section */

/* Begin XCVersionGroup section */
		7D02AEC31A66BB9200BC843F /* Bootcamp.xcdatamodeld */ = {
			isa = XCVersionGroup;
			children = (
				7D0CB5541A66F64E00D9D3E6 /* Bootcamp 2.xcdatamodel */,
				7D02AEC41A66BB9200BC843F /* Bootcamp.xcdatamodel */,
			);
			currentVersion = 7D0CB5541A66F64E00D9D3E6 /* Bootcamp 2.xcdatamodel */;
			path = Bootcamp.xcdatamodeld;
			sourceTree = "<group>";
			versionGroupType = wrapper.xcdatamodel;
		};
/* End XCVersionGroup section */
	};
	rootObject = 7D02AEB11A66BB9200BC843F /* Project object */;
}
